
Microsoft Visual Studio Solution File, Format Version 12.00
# Visual Studio Version 16
VisualStudioVersion = 16.0.29613.14
MinimumVisualStudioVersion = 10.0.40219.1
Project("{2150E333-8FDC-42A3-9474-1A3956D46DE8}") = "Logic", "Logic", "{15C01D34-F1C9-42D5-9732-52B63EDCAA7C}"
EndProject
Project("{2150E333-8FDC-42A3-9474-1A3956D46DE8}") = "CrossCutting", "CrossCutting", "{0ECFF911-9977-43D2-98EF-E33C9E51C71E}"
EndProject
Project("{FAE04EC0-301F-11D3-BF4B-00C04F79EFBC}") = "DataClasses", "CrossCutting\DataClasses\DataClasses.csproj", "{FC3EB82C-B8D9-4AE9-B8F3-A5DFBA8F6EF2}"
EndProject
Project("{FAE04EC0-301F-11D3-BF4B-00C04F79EFBC}") = "Twitch", "Logic\Twitch\Twitch.csproj", "{01295C0C-4F62-469A-B427-CA3F891B73EC}"
EndProject
Project("{FAE04EC0-301F-11D3-BF4B-00C04F79EFBC}") = "Twitch.Contracts", "Logic\Twitch.Contracts\Twitch.Contracts.csproj", "{840A2C00-DB65-40EB-8CA2-5DCDFF738DEE}"
EndProject
Project("{FAE04EC0-301F-11D3-BF4B-00C04F79EFBC}") = "Logging", "CrossCutting\Logging\Logging.csproj", "{EEBB3C93-A41F-4C7F-8B25-71815EC2896A}"
EndProject
Project("{FAE04EC0-301F-11D3-BF4B-00C04F79EFBC}") = "Logging.Contracts", "CrossCutting\Logging.Contracts\Logging.Contracts.csproj", "{D90C5263-331D-411E-9719-5A4063C192E7}"
EndProject
Project("{FAE04EC0-301F-11D3-BF4B-00C04F79EFBC}") = "Authorization", "Logic\Authorization\Authorization.csproj", "{C95BF085-342E-4D4E-8FE6-6B40CBD106D2}"
EndProject
Project("{FAE04EC0-301F-11D3-BF4B-00C04F79EFBC}") = "Authorization.Contracts", "Logic\Authorization.Contracts\Authorization.Contracts.csproj", "{7CDE6EBB-4B2B-422F-98FD-CB132A025ACB}"
EndProject
Project("{FAE04EC0-301F-11D3-BF4B-00C04F79EFBC}") = "Settings", "Logic\Settings\Settings.csproj", "{882FE666-E00C-4AFB-B1C1-DABCF37B0ACC}"
EndProject
Project("{FAE04EC0-301F-11D3-BF4B-00C04F79EFBC}") = "Settings.Contracts", "Logic\Settings.Contracts\Settings.Contracts.csproj", "{26167719-AC7E-4B24-AF59-234704E6A870}"
EndProject
Project("{FAE04EC0-301F-11D3-BF4B-00C04F79EFBC}") = "Chat", "Logic\Chat\Chat.csproj", "{ABC79C7B-1012-473D-BBC2-04CE19FE8CF5}"
EndProject
Project("{FAE04EC0-301F-11D3-BF4B-00C04F79EFBC}") = "Chat.Contracts", "Logic\Chat.Contracts\Chat.Contracts.csproj", "{EC58CA16-667E-45FE-B409-AF019A79A01F}"
EndProject
Project("{FAE04EC0-301F-11D3-BF4B-00C04F79EFBC}") = "Emotes", "Logic\Emotes\Emotes.csproj", "{44FB5CEC-9CC9-4D98-AD99-842F9B7A8BBE}"
EndProject
Project("{FAE04EC0-301F-11D3-BF4B-00C04F79EFBC}") = "Emotes.Contracts", "Logic\Emotes.Contracts\Emotes.Contracts.csproj", "{A791249B-790D-491F-B634-CBAD836229DB}"
EndProject
Project("{FAE04EC0-301F-11D3-BF4B-00C04F79EFBC}") = "HttpClient", "Logic\HttpClient\HttpClient.csproj", "{C93352EB-8D81-42CB-A8AD-264FCF46D56F}"
EndProject
Project("{FAE04EC0-301F-11D3-BF4B-00C04F79EFBC}") = "HttpClient.Contracts", "Logic\HttpClient.Contracts\HttpClient.Contracts.csproj", "{8DBDEACE-0F01-4CAD-8916-42D26B18BBAB}"
EndProject
Project("{FAE04EC0-301F-11D3-BF4B-00C04F79EFBC}") = "TwitchChat.NET.WPF", "UI\TwitchChat.NET.WPF\TwitchChat.NET.WPF.csproj", "{1CCE436A-2199-4C9A-B46D-00848074A10D}"
EndProject
Project("{FAE04EC0-301F-11D3-BF4B-00C04F79EFBC}") = "ImageManagement", "Logic\ImageManagement\ImageManagement.csproj", "{F86E537D-80BC-4F74-B77A-450DCCD57034}"
EndProject
Project("{FAE04EC0-301F-11D3-BF4B-00C04F79EFBC}") = "ImageManagement.Contracts", "Logic\ImageManagement.Contracts\ImageManagement.Contracts.csproj", "{00B6BD70-1FEF-4EF0-B6AC-B0536CA99C55}"
EndProject
Project("{2150E333-8FDC-42A3-9474-1A3956D46DE8}") = "UI", "UI", "{94FCC097-B8F8-47BD-BBD8-0DDCED89EDB3}"
EndProject
Project("{FAE04EC0-301F-11D3-BF4B-00C04F79EFBC}") = "Badges", "Logic\Badges\Badges.csproj", "{B17C38B8-AF5D-415D-8DE9-206C85FC2C5D}"
EndProject
Project("{FAE04EC0-301F-11D3-BF4B-00C04F79EFBC}") = "Badges.Contracts", "Logic\Badges.Contracts\Badges.Contracts.csproj", "{0FC82A9D-459E-4186-B2C7-95B808DF0FF6}"
EndProject
Project("{2150E333-8FDC-42A3-9474-1A3956D46DE8}") = "Core", "Core", "{17C8FF8C-9B7C-483E-AC04-9CDA31AC5C96}"
EndProject
Project("{FAE04EC0-301F-11D3-BF4B-00C04F79EFBC}") = "Core.Contract", "CrossCutting\Core\Core.Contract\Core.Contract.csproj", "{A45D3B48-C06B-413F-BC78-986C1CDBC136}"
EndProject
Project("{FAE04EC0-301F-11D3-BF4B-00C04F79EFBC}") = "Core.NinjectAdapter", "CrossCutting\Core\Core.NinjectAdapter\Core.NinjectAdapter.csproj", "{803AEEE2-7A1C-40E8-AD27-DE6370872C93}"
EndProject
Project("{2150E333-8FDC-42A3-9474-1A3956D46DE8}") = "Registrations", "Registrations", "{17E8EEE7-C54B-470E-A695-021D4803EE95}"
EndProject
Project("{FAE04EC0-301F-11D3-BF4B-00C04F79EFBC}") = "Mappings", "Registrations\Mappings\Mappings.csproj", "{62F23227-9A20-42F5-9CC6-24DCFD6788A6}"
EndProject
Project("{FAE04EC0-301F-11D3-BF4B-00C04F79EFBC}") = "Core.Bootstrapping", "CrossCutting\Core\Core.Bootstrapping\Core.Bootstrapping.csproj", "{192000BF-2146-4748-9760-4268E9FFAC40}"
EndProject
Global
	GlobalSection(SolutionConfigurationPlatforms) = preSolution
		Debug|Any CPU = Debug|Any CPU
		Release|Any CPU = Release|Any CPU
	EndGlobalSection
	GlobalSection(ProjectConfigurationPlatforms) = postSolution
		{FC3EB82C-B8D9-4AE9-B8F3-A5DFBA8F6EF2}.Debug|Any CPU.ActiveCfg = Debug|Any CPU
		{FC3EB82C-B8D9-4AE9-B8F3-A5DFBA8F6EF2}.Debug|Any CPU.Build.0 = Debug|Any CPU
		{FC3EB82C-B8D9-4AE9-B8F3-A5DFBA8F6EF2}.Release|Any CPU.ActiveCfg = Release|Any CPU
		{FC3EB82C-B8D9-4AE9-B8F3-A5DFBA8F6EF2}.Release|Any CPU.Build.0 = Release|Any CPU
		{01295C0C-4F62-469A-B427-CA3F891B73EC}.Debug|Any CPU.ActiveCfg = Debug|Any CPU
		{01295C0C-4F62-469A-B427-CA3F891B73EC}.Debug|Any CPU.Build.0 = Debug|Any CPU
		{01295C0C-4F62-469A-B427-CA3F891B73EC}.Release|Any CPU.ActiveCfg = Release|Any CPU
		{01295C0C-4F62-469A-B427-CA3F891B73EC}.Release|Any CPU.Build.0 = Release|Any CPU
		{840A2C00-DB65-40EB-8CA2-5DCDFF738DEE}.Debug|Any CPU.ActiveCfg = Debug|Any CPU
		{840A2C00-DB65-40EB-8CA2-5DCDFF738DEE}.Debug|Any CPU.Build.0 = Debug|Any CPU
		{840A2C00-DB65-40EB-8CA2-5DCDFF738DEE}.Release|Any CPU.ActiveCfg = Release|Any CPU
		{840A2C00-DB65-40EB-8CA2-5DCDFF738DEE}.Release|Any CPU.Build.0 = Release|Any CPU
		{EEBB3C93-A41F-4C7F-8B25-71815EC2896A}.Debug|Any CPU.ActiveCfg = Debug|Any CPU
		{EEBB3C93-A41F-4C7F-8B25-71815EC2896A}.Debug|Any CPU.Build.0 = Debug|Any CPU
		{EEBB3C93-A41F-4C7F-8B25-71815EC2896A}.Release|Any CPU.ActiveCfg = Release|Any CPU
		{EEBB3C93-A41F-4C7F-8B25-71815EC2896A}.Release|Any CPU.Build.0 = Release|Any CPU
		{D90C5263-331D-411E-9719-5A4063C192E7}.Debug|Any CPU.ActiveCfg = Debug|Any CPU
		{D90C5263-331D-411E-9719-5A4063C192E7}.Debug|Any CPU.Build.0 = Debug|Any CPU
		{D90C5263-331D-411E-9719-5A4063C192E7}.Release|Any CPU.ActiveCfg = Release|Any CPU
		{D90C5263-331D-411E-9719-5A4063C192E7}.Release|Any CPU.Build.0 = Release|Any CPU
		{C95BF085-342E-4D4E-8FE6-6B40CBD106D2}.Debug|Any CPU.ActiveCfg = Debug|Any CPU
		{C95BF085-342E-4D4E-8FE6-6B40CBD106D2}.Debug|Any CPU.Build.0 = Debug|Any CPU
		{C95BF085-342E-4D4E-8FE6-6B40CBD106D2}.Release|Any CPU.ActiveCfg = Release|Any CPU
		{C95BF085-342E-4D4E-8FE6-6B40CBD106D2}.Release|Any CPU.Build.0 = Release|Any CPU
		{7CDE6EBB-4B2B-422F-98FD-CB132A025ACB}.Debug|Any CPU.ActiveCfg = Debug|Any CPU
		{7CDE6EBB-4B2B-422F-98FD-CB132A025ACB}.Debug|Any CPU.Build.0 = Debug|Any CPU
		{7CDE6EBB-4B2B-422F-98FD-CB132A025ACB}.Release|Any CPU.ActiveCfg = Release|Any CPU
		{7CDE6EBB-4B2B-422F-98FD-CB132A025ACB}.Release|Any CPU.Build.0 = Release|Any CPU
		{882FE666-E00C-4AFB-B1C1-DABCF37B0ACC}.Debug|Any CPU.ActiveCfg = Debug|Any CPU
		{882FE666-E00C-4AFB-B1C1-DABCF37B0ACC}.Debug|Any CPU.Build.0 = Debug|Any CPU
		{882FE666-E00C-4AFB-B1C1-DABCF37B0ACC}.Release|Any CPU.ActiveCfg = Release|Any CPU
		{882FE666-E00C-4AFB-B1C1-DABCF37B0ACC}.Release|Any CPU.Build.0 = Release|Any CPU
		{26167719-AC7E-4B24-AF59-234704E6A870}.Debug|Any CPU.ActiveCfg = Debug|Any CPU
		{26167719-AC7E-4B24-AF59-234704E6A870}.Debug|Any CPU.Build.0 = Debug|Any CPU
		{26167719-AC7E-4B24-AF59-234704E6A870}.Release|Any CPU.ActiveCfg = Release|Any CPU
		{26167719-AC7E-4B24-AF59-234704E6A870}.Release|Any CPU.Build.0 = Release|Any CPU
		{ABC79C7B-1012-473D-BBC2-04CE19FE8CF5}.Debug|Any CPU.ActiveCfg = Debug|Any CPU
		{ABC79C7B-1012-473D-BBC2-04CE19FE8CF5}.Debug|Any CPU.Build.0 = Debug|Any CPU
		{ABC79C7B-1012-473D-BBC2-04CE19FE8CF5}.Release|Any CPU.ActiveCfg = Release|Any CPU
		{ABC79C7B-1012-473D-BBC2-04CE19FE8CF5}.Release|Any CPU.Build.0 = Release|Any CPU
		{EC58CA16-667E-45FE-B409-AF019A79A01F}.Debug|Any CPU.ActiveCfg = Debug|Any CPU
		{EC58CA16-667E-45FE-B409-AF019A79A01F}.Debug|Any CPU.Build.0 = Debug|Any CPU
		{EC58CA16-667E-45FE-B409-AF019A79A01F}.Release|Any CPU.ActiveCfg = Release|Any CPU
		{EC58CA16-667E-45FE-B409-AF019A79A01F}.Release|Any CPU.Build.0 = Release|Any CPU
		{44FB5CEC-9CC9-4D98-AD99-842F9B7A8BBE}.Debug|Any CPU.ActiveCfg = Debug|Any CPU
		{44FB5CEC-9CC9-4D98-AD99-842F9B7A8BBE}.Debug|Any CPU.Build.0 = Debug|Any CPU
		{44FB5CEC-9CC9-4D98-AD99-842F9B7A8BBE}.Release|Any CPU.ActiveCfg = Release|Any CPU
		{44FB5CEC-9CC9-4D98-AD99-842F9B7A8BBE}.Release|Any CPU.Build.0 = Release|Any CPU
		{A791249B-790D-491F-B634-CBAD836229DB}.Debug|Any CPU.ActiveCfg = Debug|Any CPU
		{A791249B-790D-491F-B634-CBAD836229DB}.Debug|Any CPU.Build.0 = Debug|Any CPU
		{A791249B-790D-491F-B634-CBAD836229DB}.Release|Any CPU.ActiveCfg = Release|Any CPU
		{A791249B-790D-491F-B634-CBAD836229DB}.Release|Any CPU.Build.0 = Release|Any CPU
		{C93352EB-8D81-42CB-A8AD-264FCF46D56F}.Debug|Any CPU.ActiveCfg = Debug|Any CPU
		{C93352EB-8D81-42CB-A8AD-264FCF46D56F}.Debug|Any CPU.Build.0 = Debug|Any CPU
		{C93352EB-8D81-42CB-A8AD-264FCF46D56F}.Release|Any CPU.ActiveCfg = Release|Any CPU
		{C93352EB-8D81-42CB-A8AD-264FCF46D56F}.Release|Any CPU.Build.0 = Release|Any CPU
		{8DBDEACE-0F01-4CAD-8916-42D26B18BBAB}.Debug|Any CPU.ActiveCfg = Debug|Any CPU
		{8DBDEACE-0F01-4CAD-8916-42D26B18BBAB}.Debug|Any CPU.Build.0 = Debug|Any CPU
		{8DBDEACE-0F01-4CAD-8916-42D26B18BBAB}.Release|Any CPU.ActiveCfg = Release|Any CPU
		{8DBDEACE-0F01-4CAD-8916-42D26B18BBAB}.Release|Any CPU.Build.0 = Release|Any CPU
		{1CCE436A-2199-4C9A-B46D-00848074A10D}.Debug|Any CPU.ActiveCfg = Debug|Any CPU
		{1CCE436A-2199-4C9A-B46D-00848074A10D}.Debug|Any CPU.Build.0 = Debug|Any CPU
		{1CCE436A-2199-4C9A-B46D-00848074A10D}.Release|Any CPU.ActiveCfg = Release|Any CPU
		{1CCE436A-2199-4C9A-B46D-00848074A10D}.Release|Any CPU.Build.0 = Release|Any CPU
		{F86E537D-80BC-4F74-B77A-450DCCD57034}.Debug|Any CPU.ActiveCfg = Debug|Any CPU
		{F86E537D-80BC-4F74-B77A-450DCCD57034}.Debug|Any CPU.Build.0 = Debug|Any CPU
		{F86E537D-80BC-4F74-B77A-450DCCD57034}.Release|Any CPU.ActiveCfg = Release|Any CPU
		{F86E537D-80BC-4F74-B77A-450DCCD57034}.Release|Any CPU.Build.0 = Release|Any CPU
		{00B6BD70-1FEF-4EF0-B6AC-B0536CA99C55}.Debug|Any CPU.ActiveCfg = Debug|Any CPU
		{00B6BD70-1FEF-4EF0-B6AC-B0536CA99C55}.Debug|Any CPU.Build.0 = Debug|Any CPU
		{00B6BD70-1FEF-4EF0-B6AC-B0536CA99C55}.Release|Any CPU.ActiveCfg = Release|Any CPU
		{00B6BD70-1FEF-4EF0-B6AC-B0536CA99C55}.Release|Any CPU.Build.0 = Release|Any CPU
		{B17C38B8-AF5D-415D-8DE9-206C85FC2C5D}.Debug|Any CPU.ActiveCfg = Debug|Any CPU
		{B17C38B8-AF5D-415D-8DE9-206C85FC2C5D}.Debug|Any CPU.Build.0 = Debug|Any CPU
		{B17C38B8-AF5D-415D-8DE9-206C85FC2C5D}.Release|Any CPU.ActiveCfg = Release|Any CPU
		{B17C38B8-AF5D-415D-8DE9-206C85FC2C5D}.Release|Any CPU.Build.0 = Release|Any CPU
		{0FC82A9D-459E-4186-B2C7-95B808DF0FF6}.Debug|Any CPU.ActiveCfg = Debug|Any CPU
		{0FC82A9D-459E-4186-B2C7-95B808DF0FF6}.Debug|Any CPU.Build.0 = Debug|Any CPU
		{0FC82A9D-459E-4186-B2C7-95B808DF0FF6}.Release|Any CPU.ActiveCfg = Release|Any CPU
		{0FC82A9D-459E-4186-B2C7-95B808DF0FF6}.Release|Any CPU.Build.0 = Release|Any CPU
		{A45D3B48-C06B-413F-BC78-986C1CDBC136}.Debug|Any CPU.ActiveCfg = Debug|Any CPU
		{A45D3B48-C06B-413F-BC78-986C1CDBC136}.Debug|Any CPU.Build.0 = Debug|Any CPU
		{A45D3B48-C06B-413F-BC78-986C1CDBC136}.Release|Any CPU.ActiveCfg = Release|Any CPU
		{A45D3B48-C06B-413F-BC78-986C1CDBC136}.Release|Any CPU.Build.0 = Release|Any CPU
		{803AEEE2-7A1C-40E8-AD27-DE6370872C93}.Debug|Any CPU.ActiveCfg = Debug|Any CPU
		{803AEEE2-7A1C-40E8-AD27-DE6370872C93}.Debug|Any CPU.Build.0 = Debug|Any CPU
		{803AEEE2-7A1C-40E8-AD27-DE6370872C93}.Release|Any CPU.ActiveCfg = Release|Any CPU
		{803AEEE2-7A1C-40E8-AD27-DE6370872C93}.Release|Any CPU.Build.0 = Release|Any CPU
		{62F23227-9A20-42F5-9CC6-24DCFD6788A6}.Debug|Any CPU.ActiveCfg = Debug|Any CPU
		{62F23227-9A20-42F5-9CC6-24DCFD6788A6}.Debug|Any CPU.Build.0 = Debug|Any CPU
		{62F23227-9A20-42F5-9CC6-24DCFD6788A6}.Release|Any CPU.ActiveCfg = Release|Any CPU
		{62F23227-9A20-42F5-9CC6-24DCFD6788A6}.Release|Any CPU.Build.0 = Release|Any CPU
		{192000BF-2146-4748-9760-4268E9FFAC40}.Debug|Any CPU.ActiveCfg = Debug|Any CPU
		{192000BF-2146-4748-9760-4268E9FFAC40}.Debug|Any CPU.Build.0 = Debug|Any CPU
		{192000BF-2146-4748-9760-4268E9FFAC40}.Release|Any CPU.ActiveCfg = Release|Any CPU
		{192000BF-2146-4748-9760-4268E9FFAC40}.Release|Any CPU.Build.0 = Release|Any CPU
	EndGlobalSection
	GlobalSection(SolutionProperties) = preSolution
		HideSolutionNode = FALSE
	EndGlobalSection
	GlobalSection(NestedProjects) = preSolution
		{FC3EB82C-B8D9-4AE9-B8F3-A5DFBA8F6EF2} = {0ECFF911-9977-43D2-98EF-E33C9E51C71E}
		{01295C0C-4F62-469A-B427-CA3F891B73EC} = {15C01D34-F1C9-42D5-9732-52B63EDCAA7C}
		{840A2C00-DB65-40EB-8CA2-5DCDFF738DEE} = {15C01D34-F1C9-42D5-9732-52B63EDCAA7C}
		{EEBB3C93-A41F-4C7F-8B25-71815EC2896A} = {0ECFF911-9977-43D2-98EF-E33C9E51C71E}
		{D90C5263-331D-411E-9719-5A4063C192E7} = {0ECFF911-9977-43D2-98EF-E33C9E51C71E}
		{C95BF085-342E-4D4E-8FE6-6B40CBD106D2} = {15C01D34-F1C9-42D5-9732-52B63EDCAA7C}
		{7CDE6EBB-4B2B-422F-98FD-CB132A025ACB} = {15C01D34-F1C9-42D5-9732-52B63EDCAA7C}
		{882FE666-E00C-4AFB-B1C1-DABCF37B0ACC} = {15C01D34-F1C9-42D5-9732-52B63EDCAA7C}
		{26167719-AC7E-4B24-AF59-234704E6A870} = {15C01D34-F1C9-42D5-9732-52B63EDCAA7C}
		{ABC79C7B-1012-473D-BBC2-04CE19FE8CF5} = {15C01D34-F1C9-42D5-9732-52B63EDCAA7C}
		{EC58CA16-667E-45FE-B409-AF019A79A01F} = {15C01D34-F1C9-42D5-9732-52B63EDCAA7C}
		{44FB5CEC-9CC9-4D98-AD99-842F9B7A8BBE} = {15C01D34-F1C9-42D5-9732-52B63EDCAA7C}
		{A791249B-790D-491F-B634-CBAD836229DB} = {15C01D34-F1C9-42D5-9732-52B63EDCAA7C}
		{C93352EB-8D81-42CB-A8AD-264FCF46D56F} = {15C01D34-F1C9-42D5-9732-52B63EDCAA7C}
		{8DBDEACE-0F01-4CAD-8916-42D26B18BBAB} = {15C01D34-F1C9-42D5-9732-52B63EDCAA7C}
		{1CCE436A-2199-4C9A-B46D-00848074A10D} = {94FCC097-B8F8-47BD-BBD8-0DDCED89EDB3}
		{F86E537D-80BC-4F74-B77A-450DCCD57034} = {15C01D34-F1C9-42D5-9732-52B63EDCAA7C}
		{00B6BD70-1FEF-4EF0-B6AC-B0536CA99C55} = {15C01D34-F1C9-42D5-9732-52B63EDCAA7C}
		{B17C38B8-AF5D-415D-8DE9-206C85FC2C5D} = {15C01D34-F1C9-42D5-9732-52B63EDCAA7C}
		{0FC82A9D-459E-4186-B2C7-95B808DF0FF6} = {15C01D34-F1C9-42D5-9732-52B63EDCAA7C}
		{17C8FF8C-9B7C-483E-AC04-9CDA31AC5C96} = {0ECFF911-9977-43D2-98EF-E33C9E51C71E}
		{A45D3B48-C06B-413F-BC78-986C1CDBC136} = {17C8FF8C-9B7C-483E-AC04-9CDA31AC5C96}
		{803AEEE2-7A1C-40E8-AD27-DE6370872C93} = {17C8FF8C-9B7C-483E-AC04-9CDA31AC5C96}
		{62F23227-9A20-42F5-9CC6-24DCFD6788A6} = {17E8EEE7-C54B-470E-A695-021D4803EE95}
		{192000BF-2146-4748-9760-4268E9FFAC40} = {17C8FF8C-9B7C-483E-AC04-9CDA31AC5C96}
	EndGlobalSection
	GlobalSection(ExtensibilityGlobals) = postSolution
		SolutionGuid = {F2158C12-D4E9-4AFB-8148-4CEE7B950048}
	EndGlobalSection
EndGlobal
